
Microsoft Visual Studio Solution File, Format Version 12.00
# Visual Studio Version 17
VisualStudioVersion = 17.0.32014.148
MinimumVisualStudioVersion = 10.0.40219.1
Project("{FAE04EC0-301F-11D3-BF4B-00C04F79EFBC}") = "A2Classwork-23-24", "A2Classwork-23-24\A2Classwork-23-24.csproj", "{52DC4E0B-A3FE-4AD0-90E3-EBE7DF48FE94}"
EndProject
Project("{FAE04EC0-301F-11D3-BF4B-00C04F79EFBC}") = "ABox", "A box\ABox.csproj", "{F3A3F5CF-0FFD-4D3A-8F65-CDC81150D2F0}"
EndProject
Project("{FAE04EC0-301F-11D3-BF4B-00C04F79EFBC}") = "B Box", "B Box\B Box.csproj", "{D36CA5B9-962A-4E8E-BD51-872D4D8A93A6}"
EndProject
Project("{FAE04EC0-301F-11D3-BF4B-00C04F79EFBC}") = "EBox", "EBox\EBox.csproj", "{7326C537-A794-435D-A823-EAB5E882D037}"
EndProject
Project("{FAE04EC0-301F-11D3-BF4B-00C04F79EFBC}") = "RecusionExample-FractalTreeE", "fracTrees\E\RecusionExample-FractalTree\RecusionExample-FractalTree\RecusionExample-FractalTree\RecusionExample-FractalTreeE.csproj", "{6C71A568-7269-4380-A492-2DD8CDB2C19D}"
EndProject
Project("{FAE04EC0-301F-11D3-BF4B-00C04F79EFBC}") = "RecusionExample-FractalTreeB", "fracTrees\B\RecusionExample-FractalTreeB\RecusionExample-FractalTree\RecusionExample-FractalTree\RecusionExample-FractalTreeB.csproj", "{D91060A4-9E6E-4F85-930F-CF83A6C0F3A3}"
EndProject
Project("{FAE04EC0-301F-11D3-BF4B-00C04F79EFBC}") = "RecusionExample-FractalTreeA", "fracTrees\A\RecusionExample-FractalTree\RecusionExample-FractalTree\RecusionExample-FractalTreeA.csproj", "{0D44D52E-C282-4A1E-A52C-32ABC60BEEC3}"
EndProject
Project("{FAE04EC0-301F-11D3-BF4B-00C04F79EFBC}") = "QueueExample", "QueueExample\QueueExample.csproj", "{DA948F59-EAC7-4EDB-AD14-6A0C0CC7F61F}"
EndProject
Project("{FAE04EC0-301F-11D3-BF4B-00C04F79EFBC}") = "UserControlExample", "UserControlExample\UserControlExample.csproj", "{B39F9A2E-6F3E-47FE-B69C-72594574A6C4}"
EndProject
Project("{FAE04EC0-301F-11D3-BF4B-00C04F79EFBC}") = "SymbolPuzzle", "SymbolPuzzle\SymbolPuzzle.csproj", "{32E52723-BF71-4592-8B5F-7E4D91A60F26}"
EndProject
Project("{FAE04EC0-301F-11D3-BF4B-00C04F79EFBC}") = "restAPI", "restAPI\restAPI.csproj", "{2EF78E91-53FF-4B53-BACD-FECD1FF69BF0}"
EndProject
Project("{9A19103F-16F7-4668-BE54-9A1E7A4F7556}") = "restAPIdotNetCore", "restAPIdotNetCore\restAPIdotNetCore.csproj", "{F80B7F93-D993-49C8-AC7C-D95CC21AFC9F}"
EndProject
Project("{FAE04EC0-301F-11D3-BF4B-00C04F79EFBC}") = "mapReduceExample", "mapReduceExample\mapReduceExample.csproj", "{84594728-82DB-4CF6-8221-D93659DE9A23}"
EndProject
Project("{FAE04EC0-301F-11D3-BF4B-00C04F79EFBC}") = "SymbolPuzzleClassDiagram", "SymbolPuzzleScratch\SymbolPuzzleClassDiagram.csproj", "{2B0884B9-2115-4B3C-A044-4A7DC9983C4E}"
EndProject
Project("{2150E333-8FDC-42A3-9474-1A3956D46DE8}") = "RecursionFractalTree", "RecursionFractalTree", "{D54BA261-F743-4C69-A88F-F40E7CA1F620}"
EndProject
Project("{2150E333-8FDC-42A3-9474-1A3956D46DE8}") = "API", "API", "{2731A820-9E05-4344-9955-32393C945DA3}"
EndProject
Project("{FAE04EC0-301F-11D3-BF4B-00C04F79EFBC}") = "SymbolPuzzleA", "SymbolPuzzleA\SymbolPuzzleA.csproj", "{7FFDAC08-BC3E-42AE-902A-18D9D3B2CED1}"
EndProject
Project("{FAE04EC0-301F-11D3-BF4B-00C04F79EFBC}") = "SymbolPuzzleB", "SymbolPuzzleB\SymbolPuzzleB.csproj", "{700653D9-60D4-4D4A-805A-25F851800243}"
EndProject
Project("{FAE04EC0-301F-11D3-BF4B-00C04F79EFBC}") = "SymbolPuzzleE", "SymbolPuzzleE\SymbolPuzzleE.csproj", "{BC2C6BC9-A384-4E08-A907-7F67F71F858F}"
EndProject
Project("{FAE04EC0-301F-11D3-BF4B-00C04F79EFBC}") = "GetCell", "GetCell\GetCell.csproj", "{1E2FD290-B7C9-4277-8865-D45BB034AB71}"
EndProject
Project("{FAE04EC0-301F-11D3-BF4B-00C04F79EFBC}") = "OOPExampples", "OOPExampples\OOPExampples.csproj", "{17F93BCE-869B-4F6D-ADE5-8FDEFDBAFA07}"
EndProject
Project("{2150E333-8FDC-42A3-9474-1A3956D46DE8}") = "Puzzle", "Puzzle", "{05D74E78-7747-49D7-B538-B1DEF87F40FB}"
EndProject
Global
	GlobalSection(SolutionConfigurationPlatforms) = preSolution
		Debug|Any CPU = Debug|Any CPU
		Release|Any CPU = Release|Any CPU
	EndGlobalSection
	GlobalSection(ProjectConfigurationPlatforms) = postSolution
		{52DC4E0B-A3FE-4AD0-90E3-EBE7DF48FE94}.Debug|Any CPU.ActiveCfg = Debug|Any CPU
		{52DC4E0B-A3FE-4AD0-90E3-EBE7DF48FE94}.Debug|Any CPU.Build.0 = Debug|Any CPU
		{52DC4E0B-A3FE-4AD0-90E3-EBE7DF48FE94}.Release|Any CPU.ActiveCfg = Release|Any CPU
		{52DC4E0B-A3FE-4AD0-90E3-EBE7DF48FE94}.Release|Any CPU.Build.0 = Release|Any CPU
		{F3A3F5CF-0FFD-4D3A-8F65-CDC81150D2F0}.Debug|Any CPU.ActiveCfg = Debug|Any CPU
		{F3A3F5CF-0FFD-4D3A-8F65-CDC81150D2F0}.Debug|Any CPU.Build.0 = Debug|Any CPU
		{F3A3F5CF-0FFD-4D3A-8F65-CDC81150D2F0}.Release|Any CPU.ActiveCfg = Release|Any CPU
		{F3A3F5CF-0FFD-4D3A-8F65-CDC81150D2F0}.Release|Any CPU.Build.0 = Release|Any CPU
		{D36CA5B9-962A-4E8E-BD51-872D4D8A93A6}.Debug|Any CPU.ActiveCfg = Debug|Any CPU
		{D36CA5B9-962A-4E8E-BD51-872D4D8A93A6}.Debug|Any CPU.Build.0 = Debug|Any CPU
		{D36CA5B9-962A-4E8E-BD51-872D4D8A93A6}.Release|Any CPU.ActiveCfg = Release|Any CPU
		{D36CA5B9-962A-4E8E-BD51-872D4D8A93A6}.Release|Any CPU.Build.0 = Release|Any CPU
		{7326C537-A794-435D-A823-EAB5E882D037}.Debug|Any CPU.ActiveCfg = Debug|Any CPU
		{7326C537-A794-435D-A823-EAB5E882D037}.Debug|Any CPU.Build.0 = Debug|Any CPU
		{7326C537-A794-435D-A823-EAB5E882D037}.Release|Any CPU.ActiveCfg = Release|Any CPU
		{7326C537-A794-435D-A823-EAB5E882D037}.Release|Any CPU.Build.0 = Release|Any CPU
		{6C71A568-7269-4380-A492-2DD8CDB2C19D}.Debug|Any CPU.ActiveCfg = Debug|Any CPU
		{6C71A568-7269-4380-A492-2DD8CDB2C19D}.Debug|Any CPU.Build.0 = Debug|Any CPU
		{6C71A568-7269-4380-A492-2DD8CDB2C19D}.Release|Any CPU.ActiveCfg = Release|Any CPU
		{6C71A568-7269-4380-A492-2DD8CDB2C19D}.Release|Any CPU.Build.0 = Release|Any CPU
		{D91060A4-9E6E-4F85-930F-CF83A6C0F3A3}.Debug|Any CPU.ActiveCfg = Debug|Any CPU
		{D91060A4-9E6E-4F85-930F-CF83A6C0F3A3}.Debug|Any CPU.Build.0 = Debug|Any CPU
		{D91060A4-9E6E-4F85-930F-CF83A6C0F3A3}.Release|Any CPU.ActiveCfg = Release|Any CPU
		{D91060A4-9E6E-4F85-930F-CF83A6C0F3A3}.Release|Any CPU.Build.0 = Release|Any CPU
		{0D44D52E-C282-4A1E-A52C-32ABC60BEEC3}.Debug|Any CPU.ActiveCfg = Debug|Any CPU
		{0D44D52E-C282-4A1E-A52C-32ABC60BEEC3}.Debug|Any CPU.Build.0 = Debug|Any CPU
		{0D44D52E-C282-4A1E-A52C-32ABC60BEEC3}.Release|Any CPU.ActiveCfg = Release|Any CPU
		{0D44D52E-C282-4A1E-A52C-32ABC60BEEC3}.Release|Any CPU.Build.0 = Release|Any CPU
		{DA948F59-EAC7-4EDB-AD14-6A0C0CC7F61F}.Debug|Any CPU.ActiveCfg = Debug|Any CPU
		{DA948F59-EAC7-4EDB-AD14-6A0C0CC7F61F}.Debug|Any CPU.Build.0 = Debug|Any CPU
		{DA948F59-EAC7-4EDB-AD14-6A0C0CC7F61F}.Release|Any CPU.ActiveCfg = Release|Any CPU
		{DA948F59-EAC7-4EDB-AD14-6A0C0CC7F61F}.Release|Any CPU.Build.0 = Release|Any CPU
		{B39F9A2E-6F3E-47FE-B69C-72594574A6C4}.Debug|Any CPU.ActiveCfg = Debug|Any CPU
		{B39F9A2E-6F3E-47FE-B69C-72594574A6C4}.Debug|Any CPU.Build.0 = Debug|Any CPU
		{B39F9A2E-6F3E-47FE-B69C-72594574A6C4}.Release|Any CPU.ActiveCfg = Release|Any CPU
		{B39F9A2E-6F3E-47FE-B69C-72594574A6C4}.Release|Any CPU.Build.0 = Release|Any CPU
		{32E52723-BF71-4592-8B5F-7E4D91A60F26}.Debug|Any CPU.ActiveCfg = Debug|Any CPU
		{32E52723-BF71-4592-8B5F-7E4D91A60F26}.Debug|Any CPU.Build.0 = Debug|Any CPU
		{32E52723-BF71-4592-8B5F-7E4D91A60F26}.Release|Any CPU.ActiveCfg = Release|Any CPU
		{32E52723-BF71-4592-8B5F-7E4D91A60F26}.Release|Any CPU.Build.0 = Release|Any CPU
		{2EF78E91-53FF-4B53-BACD-FECD1FF69BF0}.Debug|Any CPU.ActiveCfg = Debug|Any CPU
		{2EF78E91-53FF-4B53-BACD-FECD1FF69BF0}.Debug|Any CPU.Build.0 = Debug|Any CPU
		{2EF78E91-53FF-4B53-BACD-FECD1FF69BF0}.Release|Any CPU.ActiveCfg = Release|Any CPU
		{2EF78E91-53FF-4B53-BACD-FECD1FF69BF0}.Release|Any CPU.Build.0 = Release|Any CPU
		{F80B7F93-D993-49C8-AC7C-D95CC21AFC9F}.Debug|Any CPU.ActiveCfg = Debug|Any CPU
		{F80B7F93-D993-49C8-AC7C-D95CC21AFC9F}.Debug|Any CPU.Build.0 = Debug|Any CPU
		{F80B7F93-D993-49C8-AC7C-D95CC21AFC9F}.Release|Any CPU.ActiveCfg = Release|Any CPU
		{F80B7F93-D993-49C8-AC7C-D95CC21AFC9F}.Release|Any CPU.Build.0 = Release|Any CPU
		{84594728-82DB-4CF6-8221-D93659DE9A23}.Debug|Any CPU.ActiveCfg = Debug|Any CPU
		{84594728-82DB-4CF6-8221-D93659DE9A23}.Debug|Any CPU.Build.0 = Debug|Any CPU
		{84594728-82DB-4CF6-8221-D93659DE9A23}.Release|Any CPU.ActiveCfg = Release|Any CPU
		{84594728-82DB-4CF6-8221-D93659DE9A23}.Release|Any CPU.Build.0 = Release|Any CPU
		{2B0884B9-2115-4B3C-A044-4A7DC9983C4E}.Debug|Any CPU.ActiveCfg = Debug|Any CPU
		{2B0884B9-2115-4B3C-A044-4A7DC9983C4E}.Debug|Any CPU.Build.0 = Debug|Any CPU
		{2B0884B9-2115-4B3C-A044-4A7DC9983C4E}.Release|Any CPU.ActiveCfg = Release|Any CPU
		{2B0884B9-2115-4B3C-A044-4A7DC9983C4E}.Release|Any CPU.Build.0 = Release|Any CPU
		{7FFDAC08-BC3E-42AE-902A-18D9D3B2CED1}.Debug|Any CPU.ActiveCfg = Debug|Any CPU
		{7FFDAC08-BC3E-42AE-902A-18D9D3B2CED1}.Debug|Any CPU.Build.0 = Debug|Any CPU
		{7FFDAC08-BC3E-42AE-902A-18D9D3B2CED1}.Release|Any CPU.ActiveCfg = Release|Any CPU
		{7FFDAC08-BC3E-42AE-902A-18D9D3B2CED1}.Release|Any CPU.Build.0 = Release|Any CPU
		{700653D9-60D4-4D4A-805A-25F851800243}.Debug|Any CPU.ActiveCfg = Debug|Any CPU
		{700653D9-60D4-4D4A-805A-25F851800243}.Debug|Any CPU.Build.0 = Debug|Any CPU
		{700653D9-60D4-4D4A-805A-25F851800243}.Release|Any CPU.ActiveCfg = Release|Any CPU
		{700653D9-60D4-4D4A-805A-25F851800243}.Release|Any CPU.Build.0 = Release|Any CPU
		{BC2C6BC9-A384-4E08-A907-7F67F71F858F}.Debug|Any CPU.ActiveCfg = Debug|Any CPU
		{BC2C6BC9-A384-4E08-A907-7F67F71F858F}.Debug|Any CPU.Build.0 = Debug|Any CPU
		{BC2C6BC9-A384-4E08-A907-7F67F71F858F}.Release|Any CPU.ActiveCfg = Release|Any CPU
		{BC2C6BC9-A384-4E08-A907-7F67F71F858F}.Release|Any CPU.Build.0 = Release|Any CPU
		{1E2FD290-B7C9-4277-8865-D45BB034AB71}.Debug|Any CPU.ActiveCfg = Debug|Any CPU
		{1E2FD290-B7C9-4277-8865-D45BB034AB71}.Debug|Any CPU.Build.0 = Debug|Any CPU
		{1E2FD290-B7C9-4277-8865-D45BB034AB71}.Release|Any CPU.ActiveCfg = Release|Any CPU
		{1E2FD290-B7C9-4277-8865-D45BB034AB71}.Release|Any CPU.Build.0 = Release|Any CPU
		{17F93BCE-869B-4F6D-ADE5-8FDEFDBAFA07}.Debug|Any CPU.ActiveCfg = Debug|Any CPU
		{17F93BCE-869B-4F6D-ADE5-8FDEFDBAFA07}.Debug|Any CPU.Build.0 = Debug|Any CPU
		{17F93BCE-869B-4F6D-ADE5-8FDEFDBAFA07}.Release|Any CPU.ActiveCfg = Release|Any CPU
		{17F93BCE-869B-4F6D-ADE5-8FDEFDBAFA07}.Release|Any CPU.Build.0 = Release|Any CPU
	EndGlobalSection
	GlobalSection(SolutionProperties) = preSolution
		HideSolutionNode = FALSE
	EndGlobalSection
	GlobalSection(NestedProjects) = preSolution
		{6C71A568-7269-4380-A492-2DD8CDB2C19D} = {D54BA261-F743-4C69-A88F-F40E7CA1F620}
		{D91060A4-9E6E-4F85-930F-CF83A6C0F3A3} = {D54BA261-F743-4C69-A88F-F40E7CA1F620}
		{0D44D52E-C282-4A1E-A52C-32ABC60BEEC3} = {D54BA261-F743-4C69-A88F-F40E7CA1F620}
		{2EF78E91-53FF-4B53-BACD-FECD1FF69BF0} = {2731A820-9E05-4344-9955-32393C945DA3}
		{F80B7F93-D993-49C8-AC7C-D95CC21AFC9F} = {2731A820-9E05-4344-9955-32393C945DA3}
		{7FFDAC08-BC3E-42AE-902A-18D9D3B2CED1} = {05D74E78-7747-49D7-B538-B1DEF87F40FB}
		{700653D9-60D4-4D4A-805A-25F851800243} = {05D74E78-7747-49D7-B538-B1DEF87F40FB}
		{BC2C6BC9-A384-4E08-A907-7F67F71F858F} = {05D74E78-7747-49D7-B538-B1DEF87F40FB}
	EndGlobalSection
	GlobalSection(ExtensibilityGlobals) = postSolution
		SolutionGuid = {81A390C8-EBF3-404B-BE15-D32BE5EF8E9F}
	EndGlobalSection
EndGlobal
